
Microsoft Visual Studio Solution File, Format Version 12.00
# Visual Studio Version 16
VisualStudioVersion = 16.0.30907.101
MinimumVisualStudioVersion = 10.0.40219.1
Project("{FAE04EC0-301F-11D3-BF4B-00C04F79EFBC}") = "ApiServicio", "ApiServicio\ApiServicio.csproj", "{7BA9D621-1B70-408C-B3E3-3CCDDB42190A}"
EndProject
Global
	GlobalSection(SolutionConfigurationPlatforms) = preSolution
		Debug|Any CPU = Debug|Any CPU
		Release|Any CPU = Release|Any CPU
	EndGlobalSection
	GlobalSection(ProjectConfigurationPlatforms) = postSolution
		{7BA9D621-1B70-408C-B3E3-3CCDDB42190A}.Debug|Any CPU.ActiveCfg = Debug|Any CPU
		{7BA9D621-1B70-408C-B3E3-3CCDDB42190A}.Debug|Any CPU.Build.0 = Debug|Any CPU
		{7BA9D621-1B70-408C-B3E3-3CCDDB42190A}.Release|Any CPU.ActiveCfg = Release|Any CPU
		{7BA9D621-1B70-408C-B3E3-3CCDDB42190A}.Release|Any CPU.Build.0 = Release|Any CPU
	EndGlobalSection
	GlobalSection(SolutionProperties) = preSolution
		HideSolutionNode = FALSE
	EndGlobalSection
	GlobalSection(ExtensibilityGlobals) = postSolution
		SolutionGuid = {AF328633-A88D-43EE-8429-0702D892E660}
	EndGlobalSection
EndGlobal
